// !$*UTF8*$!
{
	archiveVersion = 1;
	classes = {
	};
	objectVersion = 51;
	objects = {

/* Begin PBXBuildFile section */
		47132CFD257AA3910052E847 /* OcrImageView.swift in Sources */ = {isa = PBXBuildFile; fileRef = 47132CFC257AA3910052E847 /* OcrImageView.swift */; };
		47132D08257AAC420052E847 /* Assets.xcassets in Resources */ = {isa = PBXBuildFile; fileRef = 47132D07257AAC420052E847 /* Assets.xcassets */; };
		47132D11257ABB330052E847 /* ContentView.swift in Sources */ = {isa = PBXBuildFile; fileRef = 47132D10257ABB330052E847 /* ContentView.swift */; };
		47132D16257ABB370052E847 /* onBoardingPage.swift in Sources */ = {isa = PBXBuildFile; fileRef = 47132D15257ABB370052E847 /* onBoardingPage.swift */; };
		47132D1B257ABB4C0052E847 /* Location.swift in Sources */ = {isa = PBXBuildFile; fileRef = 47132D1A257ABB4B0052E847 /* Location.swift */; };
		47132D25257ABB8A0052E847 /* SettingsView.swift in Sources */ = {isa = PBXBuildFile; fileRef = 47132D24257ABB8A0052E847 /* SettingsView.swift */; };
		47132D43257AC8A80052E847 /* OnboardingView.swift in Sources */ = {isa = PBXBuildFile; fileRef = 47132D42257AC8A80052E847 /* OnboardingView.swift */; };
		4719E410257415010049FF08 /* charList.txt in Resources */ = {isa = PBXBuildFile; fileRef = 4719E40F257415010049FF08 /* charList.txt */; };
		471C72402576380A0083380D /* DocumentScannerView.swift in Sources */ = {isa = PBXBuildFile; fileRef = 471C723F2576380A0083380D /* DocumentScannerView.swift */; };
		471C7248257664F60083380D /* TextCameraViewRepresentable.swift in Sources */ = {isa = PBXBuildFile; fileRef = 471C7247257664F60083380D /* TextCameraViewRepresentable.swift */; };
		471C7250257669C60083380D /* EditImageView.swift in Sources */ = {isa = PBXBuildFile; fileRef = 471C724F257669C60083380D /* EditImageView.swift */; };
		471C72582576752B0083380D /* SavedItemsView.swift in Sources */ = {isa = PBXBuildFile; fileRef = 471C72572576752B0083380D /* SavedItemsView.swift */; };
		471C725D257676770083380D /* HomeView.swift in Sources */ = {isa = PBXBuildFile; fileRef = 471C725C257676770083380D /* HomeView.swift */; };
		471C7263257677C50083380D /* ImagePickerView.swift in Sources */ = {isa = PBXBuildFile; fileRef = 471C7262257677C50083380D /* ImagePickerView.swift */; };
		474B1E1E256F605400227BA7 /* UserDefaultManager.swift in Sources */ = {isa = PBXBuildFile; fileRef = 474B1E1D256F605400227BA7 /* UserDefaultManager.swift */; };
		474B1E29256F60B000227BA7 /* MyanEmbedding.mlmodel in Sources */ = {isa = PBXBuildFile; fileRef = 474B1E28256F60B000227BA7 /* MyanEmbedding.mlmodel */; };
		474B1E3A256F619300227BA7 /* tessdata in Resources */ = {isa = PBXBuildFile; fileRef = 474B1E39256F619300227BA7 /* tessdata */; };
		474B1E6D256F6D6D00227BA7 /* WordSegmentationManager.swift in Sources */ = {isa = PBXBuildFile; fileRef = 474B1E6C256F6D6C00227BA7 /* WordSegmentationManager.swift */; };
		474B1E74256F6D8300227BA7 /* WordPredictManager.swift in Sources */ = {isa = PBXBuildFile; fileRef = 474B1E64256F6D1D00227BA7 /* WordPredictManager.swift */; };
		474B1E79256F6D9600227BA7 /* Ext+UITextView.swift in Sources */ = {isa = PBXBuildFile; fileRef = 474B1E78256F6D9600227BA7 /* Ext+UITextView.swift */; };
		474B1E7E256F6DF800227BA7 /* words2.txt in Resources */ = {isa = PBXBuildFile; fileRef = 474B1E7D256F6DF800227BA7 /* words2.txt */; };
		474B1E89256FAD7F00227BA7 /* UIImage+Utils.swift in Sources */ = {isa = PBXBuildFile; fileRef = 474B1E87256FAD7E00227BA7 /* UIImage+Utils.swift */; };
		474B1E8A256FAD7F00227BA7 /* UIImage+Orientation.swift in Sources */ = {isa = PBXBuildFile; fileRef = 474B1E88256FAD7E00227BA7 /* UIImage+Orientation.swift */; };
		475391EC2576AACE00EB8245 /* EditImageViewRepresentable.swift in Sources */ = {isa = PBXBuildFile; fileRef = 475391EB2576AACE00EB8245 /* EditImageViewRepresentable.swift */; };
		4789E4252570910400CFB0FE /* TextBoxDetector.swift in Sources */ = {isa = PBXBuildFile; fileRef = 4789E4242570910400CFB0FE /* TextBoxDetector.swift */; };
		4789E4332570B01E00CFB0FE /* ImageScannerResult.swift in Sources */ = {isa = PBXBuildFile; fileRef = 4789E4322570B01E00CFB0FE /* ImageScannerResult.swift */; };
		479BD6D825789AC70056F433 /* TextCameraView.swift in Sources */ = {isa = PBXBuildFile; fileRef = 479BD6D725789AC70056F433 /* TextCameraView.swift */; };
		47A5DF4C2578F25B00F3B006 /* ProgressCircleView.swift in Sources */ = {isa = PBXBuildFile; fileRef = 47A5DF4B2578F25B00F3B006 /* ProgressCircleView.swift */; };
		47AC2C6E2579F622008419B6 /* UIFont+Ext.swift in Sources */ = {isa = PBXBuildFile; fileRef = 47AC2C6D2579F622008419B6 /* UIFont+Ext.swift */; };
		47AC2C732579F64A008419B6 /* MyanmarSansPro.ttf in Resources */ = {isa = PBXBuildFile; fileRef = 47AC2C722579F64A008419B6 /* MyanmarSansPro.ttf */; };
		47AC2C782579F878008419B6 /* TextView.swift in Sources */ = {isa = PBXBuildFile; fileRef = 47AC2C772579F878008419B6 /* TextView.swift */; };
		47C34F2F257A93D700529021 /* ImageFilterMode.swift in Sources */ = {isa = PBXBuildFile; fileRef = 47C34F2E257A93D700529021 /* ImageFilterMode.swift */; };
		47C42EF82578A93D002BBE4D /* TextOcrView.swift in Sources */ = {isa = PBXBuildFile; fileRef = 47C42EF72578A93D002BBE4D /* TextOcrView.swift */; };
		47C42EFD2578A9BE002BBE4D /* TextOcrViewRepresentable.swift in Sources */ = {isa = PBXBuildFile; fileRef = 47C42EFC2578A9BE002BBE4D /* TextOcrViewRepresentable.swift */; };
		47C42F022578C297002BBE4D /* TextOcrManager.swift in Sources */ = {isa = PBXBuildFile; fileRef = 47C42F012578C297002BBE4D /* TextOcrManager.swift */; };
		47CB607F2571B5EF00B12011 /* UIImageColors.swift in Sources */ = {isa = PBXBuildFile; fileRef = 47CB607E2571B5EF00B12011 /* UIImageColors.swift */; };
		47CB609125721EE400B12011 /* CIFilter+Extension.swift in Sources */ = {isa = PBXBuildFile; fileRef = 47CB609025721EE400B12011 /* CIFilter+Extension.swift */; };
		47D54CCC256FF674003C7765 /* EditScanCornerView.swift in Sources */ = {isa = PBXBuildFile; fileRef = 47D54CCB256FF674003C7765 /* EditScanCornerView.swift */; };
		47D54CD1256FF679003C7765 /* Quadrilateral.swift in Sources */ = {isa = PBXBuildFile; fileRef = 47D54CD0256FF679003C7765 /* Quadrilateral.swift */; };
		47D54CD6256FF67E003C7765 /* QuadrilateralView.swift in Sources */ = {isa = PBXBuildFile; fileRef = 47D54CD5256FF67E003C7765 /* QuadrilateralView.swift */; };
		47D54CE0256FF6AE003C7765 /* Transformable.swift in Sources */ = {isa = PBXBuildFile; fileRef = 47D54CDF256FF6AE003C7765 /* Transformable.swift */; };
		47D54CEC256FF6CD003C7765 /* Array+Utils.swift in Sources */ = {isa = PBXBuildFile; fileRef = 47D54CE4256FF6CC003C7765 /* Array+Utils.swift */; };
		47D54CED256FF6CD003C7765 /* CIImage+Utils.swift in Sources */ = {isa = PBXBuildFile; fileRef = 47D54CE5256FF6CC003C7765 /* CIImage+Utils.swift */; };
		47D54CEE256FF6CD003C7765 /* CGRect+Utils.swift in Sources */ = {isa = PBXBuildFile; fileRef = 47D54CE6256FF6CC003C7765 /* CGRect+Utils.swift */; };
		47D54CEF256FF6CD003C7765 /* CGAffineTransform+Utils.swift in Sources */ = {isa = PBXBuildFile; fileRef = 47D54CE7256FF6CC003C7765 /* CGAffineTransform+Utils.swift */; };
		47D54CF0256FF6CD003C7765 /* CGImagePropertyOrientation.swift in Sources */ = {isa = PBXBuildFile; fileRef = 47D54CE8256FF6CD003C7765 /* CGImagePropertyOrientation.swift */; };
		47D54CF1256FF6CD003C7765 /* CGPoint+Utils.swift in Sources */ = {isa = PBXBuildFile; fileRef = 47D54CE9256FF6CD003C7765 /* CGPoint+Utils.swift */; };
		47D54CF2256FF6CD003C7765 /* AVCaptureVideoOrientation+Utils.swift in Sources */ = {isa = PBXBuildFile; fileRef = 47D54CEA256FF6CD003C7765 /* AVCaptureVideoOrientation+Utils.swift */; };
		47D54CF3256FF6CD003C7765 /* CGSize+Utils.swift in Sources */ = {isa = PBXBuildFile; fileRef = 47D54CEB256FF6CD003C7765 /* CGSize+Utils.swift */; };
		47E7DE30256F591800C9C584 /* MyTextGrabberApp.swift in Sources */ = {isa = PBXBuildFile; fileRef = 47E7DE2F256F591800C9C584 /* MyTextGrabberApp.swift */; };
		47E7DE37256F591B00C9C584 /* Preview Assets.xcassets in Resources */ = {isa = PBXBuildFile; fileRef = 47E7DE36256F591B00C9C584 /* Preview Assets.xcassets */; };
		47E7DE39256F591B00C9C584 /* Persistence.swift in Sources */ = {isa = PBXBuildFile; fileRef = 47E7DE38256F591B00C9C584 /* Persistence.swift */; };
		47E7DE3C256F591B00C9C584 /* MyTextGrabber.xcdatamodeld in Sources */ = {isa = PBXBuildFile; fileRef = 47E7DE3A256F591B00C9C584 /* MyTextGrabber.xcdatamodeld */; };
		47E7DE47256F591B00C9C584 /* MyTextGrabberTests.swift in Sources */ = {isa = PBXBuildFile; fileRef = 47E7DE46256F591B00C9C584 /* MyTextGrabberTests.swift */; };
		47E7DE52256F591B00C9C584 /* MyTextGrabberUITests.swift in Sources */ = {isa = PBXBuildFile; fileRef = 47E7DE51256F591B00C9C584 /* MyTextGrabberUITests.swift */; };
		47E7DE72256F5BEC00C9C584 /* Extensions.swift in Sources */ = {isa = PBXBuildFile; fileRef = 47E7DE71256F5BEC00C9C584 /* Extensions.swift */; };
		47E7DE77256F5DD200C9C584 /* CameraUIView.swift in Sources */ = {isa = PBXBuildFile; fileRef = 47E7DE76256F5DD200C9C584 /* CameraUIView.swift */; };
		47E7DE7D256F5DE800C9C584 /* TextRect.swift in Sources */ = {isa = PBXBuildFile; fileRef = 47E7DE7C256F5DE800C9C584 /* TextRect.swift */; };
		47E7DE8B256F5E0F00C9C584 /* VisionService.swift in Sources */ = {isa = PBXBuildFile; fileRef = 47E7DE86256F5E0F00C9C584 /* VisionService.swift */; };
		47E7DE8C256F5E0F00C9C584 /* Cameramanager.swift in Sources */ = {isa = PBXBuildFile; fileRef = 47E7DE87256F5E0F00C9C584 /* Cameramanager.swift */; };
		47E7DE8D256F5E0F00C9C584 /* VideoService.swift in Sources */ = {isa = PBXBuildFile; fileRef = 47E7DE88256F5E0F00C9C584 /* VideoService.swift */; };
		47E7DE8E256F5E0F00C9C584 /* CurrentSession.swift in Sources */ = {isa = PBXBuildFile; fileRef = 47E7DE89256F5E0F00C9C584 /* CurrentSession.swift */; };
		47F410382582D9FD0080A54C /* LanguageMode.swift in Sources */ = {isa = PBXBuildFile; fileRef = 47F410372582D9FD0080A54C /* LanguageMode.swift */; };
		47F410792582F5390080A54C /* DocAppDocument.swift in Sources */ = {isa = PBXBuildFile; fileRef = 47F410782582F5390080A54C /* DocAppDocument.swift */; };
		47F4107E258300900080A54C /* PDFSUIView.swift in Sources */ = {isa = PBXBuildFile; fileRef = 47F4107D258300900080A54C /* PDFSUIView.swift */; };
		47F410832583368E0080A54C /* ViewState.swift in Sources */ = {isa = PBXBuildFile; fileRef = 47F410822583368E0080A54C /* ViewState.swift */; };
		47F4108825833E060080A54C /* ScanningNavView.swift in Sources */ = {isa = PBXBuildFile; fileRef = 47F4108725833E060080A54C /* ScanningNavView.swift */; };
		47F4108D25835E170080A54C /* WelcomeView.swift in Sources */ = {isa = PBXBuildFile; fileRef = 47F4108C25835E170080A54C /* WelcomeView.swift */; };
		ACF4F241CEA013F349D10C3A /* Pods_MyTextGrabber.framework in Frameworks */ = {isa = PBXBuildFile; fileRef = 7562BD81B8CA3E0104F934CC /* Pods_MyTextGrabber.framework */; };
		BBD7FA6B249570A0FC1D50F7 /* Pods_MyTextGrabberTests.framework in Frameworks */ = {isa = PBXBuildFile; fileRef = 609DCE11B70B32B0A651CA7F /* Pods_MyTextGrabberTests.framework */; };
		FF761B8771E7DF079981BC72 /* Pods_MyTextGrabber_MyTextGrabberUITests.framework in Frameworks */ = {isa = PBXBuildFile; fileRef = 8425E043C89819AD7BF5AC26 /* Pods_MyTextGrabber_MyTextGrabberUITests.framework */; };
/* End PBXBuildFile section */

/* Begin PBXContainerItemProxy section */
		47E7DE43256F591B00C9C584 /* PBXContainerItemProxy */ = {
			isa = PBXContainerItemProxy;
			containerPortal = 47E7DE24256F591800C9C584 /* Project object */;
			proxyType = 1;
			remoteGlobalIDString = 47E7DE2B256F591800C9C584;
			remoteInfo = MyTextGrabber;
		};
		47E7DE4E256F591B00C9C584 /* PBXContainerItemProxy */ = {
			isa = PBXContainerItemProxy;
			containerPortal = 47E7DE24256F591800C9C584 /* Project object */;
			proxyType = 1;
			remoteGlobalIDString = 47E7DE2B256F591800C9C584;
			remoteInfo = MyTextGrabber;
		};
/* End PBXContainerItemProxy section */

/* Begin PBXFileReference section */
		2A5A4726CEC9EE735D7CA473 /* Pods-MyTextGrabber.debug.xcconfig */ = {isa = PBXFileReference; includeInIndex = 1; lastKnownFileType = text.xcconfig; name = "Pods-MyTextGrabber.debug.xcconfig"; path = "Target Support Files/Pods-MyTextGrabber/Pods-MyTextGrabber.debug.xcconfig"; sourceTree = "<group>"; };
		47132CFC257AA3910052E847 /* OcrImageView.swift */ = {isa = PBXFileReference; lastKnownFileType = sourcecode.swift; path = OcrImageView.swift; sourceTree = "<group>"; };
		47132D07257AAC420052E847 /* Assets.xcassets */ = {isa = PBXFileReference; lastKnownFileType = folder.assetcatalog; path = Assets.xcassets; sourceTree = "<group>"; };
		47132D10257ABB330052E847 /* ContentView.swift */ = {isa = PBXFileReference; fileEncoding = 4; lastKnownFileType = sourcecode.swift; path = ContentView.swift; sourceTree = "<group>"; };
		47132D15257ABB370052E847 /* onBoardingPage.swift */ = {isa = PBXFileReference; fileEncoding = 4; lastKnownFileType = sourcecode.swift; path = onBoardingPage.swift; sourceTree = "<group>"; };
		47132D1A257ABB4B0052E847 /* Location.swift */ = {isa = PBXFileReference; fileEncoding = 4; lastKnownFileType = sourcecode.swift; path = Location.swift; sourceTree = "<group>"; };
		47132D24257ABB8A0052E847 /* SettingsView.swift */ = {isa = PBXFileReference; lastKnownFileType = sourcecode.swift; path = SettingsView.swift; sourceTree = "<group>"; };
		47132D42257AC8A80052E847 /* OnboardingView.swift */ = {isa = PBXFileReference; lastKnownFileType = sourcecode.swift; path = OnboardingView.swift; sourceTree = "<group>"; };
		4719E40F257415010049FF08 /* charList.txt */ = {isa = PBXFileReference; lastKnownFileType = text; path = charList.txt; sourceTree = "<group>"; };
		471C723F2576380A0083380D /* DocumentScannerView.swift */ = {isa = PBXFileReference; fileEncoding = 4; lastKnownFileType = sourcecode.swift; path = DocumentScannerView.swift; sourceTree = "<group>"; };
		471C7247257664F60083380D /* TextCameraViewRepresentable.swift */ = {isa = PBXFileReference; lastKnownFileType = sourcecode.swift; path = TextCameraViewRepresentable.swift; sourceTree = "<group>"; };
		471C724F257669C60083380D /* EditImageView.swift */ = {isa = PBXFileReference; lastKnownFileType = sourcecode.swift; path = EditImageView.swift; sourceTree = "<group>"; };
		471C72572576752B0083380D /* SavedItemsView.swift */ = {isa = PBXFileReference; lastKnownFileType = sourcecode.swift; path = SavedItemsView.swift; sourceTree = "<group>"; };
		471C725C257676770083380D /* HomeView.swift */ = {isa = PBXFileReference; lastKnownFileType = sourcecode.swift; path = HomeView.swift; sourceTree = "<group>"; };
		471C7262257677C50083380D /* ImagePickerView.swift */ = {isa = PBXFileReference; lastKnownFileType = sourcecode.swift; path = ImagePickerView.swift; sourceTree = "<group>"; };
		474B1E1D256F605400227BA7 /* UserDefaultManager.swift */ = {isa = PBXFileReference; fileEncoding = 4; lastKnownFileType = sourcecode.swift; path = UserDefaultManager.swift; sourceTree = "<group>"; };
		474B1E28256F60B000227BA7 /* MyanEmbedding.mlmodel */ = {isa = PBXFileReference; lastKnownFileType = file.mlmodel; path = MyanEmbedding.mlmodel; sourceTree = "<group>"; };
		474B1E39256F619300227BA7 /* tessdata */ = {isa = PBXFileReference; lastKnownFileType = folder; path = tessdata; sourceTree = "<group>"; };
		474B1E64256F6D1D00227BA7 /* WordPredictManager.swift */ = {isa = PBXFileReference; fileEncoding = 4; lastKnownFileType = sourcecode.swift; name = WordPredictManager.swift; path = "../../../Myanmar_Text_Grabber/Myanmar Text Grabber/Managers/WordPredictManager.swift"; sourceTree = "<group>"; };
		474B1E6C256F6D6C00227BA7 /* WordSegmentationManager.swift */ = {isa = PBXFileReference; fileEncoding = 4; lastKnownFileType = sourcecode.swift; name = WordSegmentationManager.swift; path = "../../../Myanmar_Text_Grabber/Myanmar Text Grabber/Managers/WordSegmentationManager.swift"; sourceTree = "<group>"; };
		474B1E78256F6D9600227BA7 /* Ext+UITextView.swift */ = {isa = PBXFileReference; fileEncoding = 4; lastKnownFileType = sourcecode.swift; path = "Ext+UITextView.swift"; sourceTree = "<group>"; };
		474B1E7D256F6DF800227BA7 /* words2.txt */ = {isa = PBXFileReference; fileEncoding = 4; lastKnownFileType = text; path = words2.txt; sourceTree = "<group>"; };
		474B1E87256FAD7E00227BA7 /* UIImage+Utils.swift */ = {isa = PBXFileReference; fileEncoding = 4; lastKnownFileType = sourcecode.swift; path = "UIImage+Utils.swift"; sourceTree = "<group>"; };
		474B1E88256FAD7E00227BA7 /* UIImage+Orientation.swift */ = {isa = PBXFileReference; fileEncoding = 4; lastKnownFileType = sourcecode.swift; path = "UIImage+Orientation.swift"; sourceTree = "<group>"; };
		475391EB2576AACE00EB8245 /* EditImageViewRepresentable.swift */ = {isa = PBXFileReference; lastKnownFileType = sourcecode.swift; path = EditImageViewRepresentable.swift; sourceTree = "<group>"; };
		4789E41D25708E8500CFB0FE /* MyTextGrabber.entitlements */ = {isa = PBXFileReference; lastKnownFileType = text.plist.entitlements; path = MyTextGrabber.entitlements; sourceTree = "<group>"; };
		4789E4242570910400CFB0FE /* TextBoxDetector.swift */ = {isa = PBXFileReference; lastKnownFileType = sourcecode.swift; path = TextBoxDetector.swift; sourceTree = "<group>"; };
		4789E4322570B01E00CFB0FE /* ImageScannerResult.swift */ = {isa = PBXFileReference; lastKnownFileType = sourcecode.swift; path = ImageScannerResult.swift; sourceTree = "<group>"; };
		479BD6D725789AC70056F433 /* TextCameraView.swift */ = {isa = PBXFileReference; lastKnownFileType = sourcecode.swift; path = TextCameraView.swift; sourceTree = "<group>"; };
		47A5DF4B2578F25B00F3B006 /* ProgressCircleView.swift */ = {isa = PBXFileReference; lastKnownFileType = sourcecode.swift; path = ProgressCircleView.swift; sourceTree = "<group>"; };
		47AC2C6D2579F622008419B6 /* UIFont+Ext.swift */ = {isa = PBXFileReference; lastKnownFileType = sourcecode.swift; path = "UIFont+Ext.swift"; sourceTree = "<group>"; };
		47AC2C722579F64A008419B6 /* MyanmarSansPro.ttf */ = {isa = PBXFileReference; lastKnownFileType = file; path = MyanmarSansPro.ttf; sourceTree = "<group>"; };
		47AC2C772579F878008419B6 /* TextView.swift */ = {isa = PBXFileReference; lastKnownFileType = sourcecode.swift; path = TextView.swift; sourceTree = "<group>"; };
		47C34F2E257A93D700529021 /* ImageFilterMode.swift */ = {isa = PBXFileReference; lastKnownFileType = sourcecode.swift; path = ImageFilterMode.swift; sourceTree = "<group>"; };
		47C42EF72578A93D002BBE4D /* TextOcrView.swift */ = {isa = PBXFileReference; lastKnownFileType = sourcecode.swift; path = TextOcrView.swift; sourceTree = "<group>"; };
		47C42EFC2578A9BE002BBE4D /* TextOcrViewRepresentable.swift */ = {isa = PBXFileReference; lastKnownFileType = sourcecode.swift; path = TextOcrViewRepresentable.swift; sourceTree = "<group>"; };
		47C42F012578C297002BBE4D /* TextOcrManager.swift */ = {isa = PBXFileReference; lastKnownFileType = sourcecode.swift; path = TextOcrManager.swift; sourceTree = "<group>"; };
		47CB607E2571B5EF00B12011 /* UIImageColors.swift */ = {isa = PBXFileReference; fileEncoding = 4; lastKnownFileType = sourcecode.swift; path = UIImageColors.swift; sourceTree = "<group>"; };
		47CB609025721EE400B12011 /* CIFilter+Extension.swift */ = {isa = PBXFileReference; fileEncoding = 4; lastKnownFileType = sourcecode.swift; path = "CIFilter+Extension.swift"; sourceTree = "<group>"; };
		47D54CCB256FF674003C7765 /* EditScanCornerView.swift */ = {isa = PBXFileReference; fileEncoding = 4; lastKnownFileType = sourcecode.swift; path = EditScanCornerView.swift; sourceTree = "<group>"; };
		47D54CD0256FF679003C7765 /* Quadrilateral.swift */ = {isa = PBXFileReference; fileEncoding = 4; lastKnownFileType = sourcecode.swift; path = Quadrilateral.swift; sourceTree = "<group>"; };
		47D54CD5256FF67E003C7765 /* QuadrilateralView.swift */ = {isa = PBXFileReference; fileEncoding = 4; lastKnownFileType = sourcecode.swift; path = QuadrilateralView.swift; sourceTree = "<group>"; };
		47D54CDF256FF6AE003C7765 /* Transformable.swift */ = {isa = PBXFileReference; fileEncoding = 4; lastKnownFileType = sourcecode.swift; path = Transformable.swift; sourceTree = "<group>"; };
		47D54CE4256FF6CC003C7765 /* Array+Utils.swift */ = {isa = PBXFileReference; fileEncoding = 4; lastKnownFileType = sourcecode.swift; path = "Array+Utils.swift"; sourceTree = "<group>"; };
		47D54CE5256FF6CC003C7765 /* CIImage+Utils.swift */ = {isa = PBXFileReference; fileEncoding = 4; lastKnownFileType = sourcecode.swift; path = "CIImage+Utils.swift"; sourceTree = "<group>"; };
		47D54CE6256FF6CC003C7765 /* CGRect+Utils.swift */ = {isa = PBXFileReference; fileEncoding = 4; lastKnownFileType = sourcecode.swift; path = "CGRect+Utils.swift"; sourceTree = "<group>"; };
		47D54CE7256FF6CC003C7765 /* CGAffineTransform+Utils.swift */ = {isa = PBXFileReference; fileEncoding = 4; lastKnownFileType = sourcecode.swift; path = "CGAffineTransform+Utils.swift"; sourceTree = "<group>"; };
		47D54CE8256FF6CD003C7765 /* CGImagePropertyOrientation.swift */ = {isa = PBXFileReference; fileEncoding = 4; lastKnownFileType = sourcecode.swift; path = CGImagePropertyOrientation.swift; sourceTree = "<group>"; };
		47D54CE9256FF6CD003C7765 /* CGPoint+Utils.swift */ = {isa = PBXFileReference; fileEncoding = 4; lastKnownFileType = sourcecode.swift; path = "CGPoint+Utils.swift"; sourceTree = "<group>"; };
		47D54CEA256FF6CD003C7765 /* AVCaptureVideoOrientation+Utils.swift */ = {isa = PBXFileReference; fileEncoding = 4; lastKnownFileType = sourcecode.swift; path = "AVCaptureVideoOrientation+Utils.swift"; sourceTree = "<group>"; };
		47D54CEB256FF6CD003C7765 /* CGSize+Utils.swift */ = {isa = PBXFileReference; fileEncoding = 4; lastKnownFileType = sourcecode.swift; path = "CGSize+Utils.swift"; sourceTree = "<group>"; };
		47E7DE2C256F591800C9C584 /* MyTextGrabber.app */ = {isa = PBXFileReference; explicitFileType = wrapper.application; includeInIndex = 0; path = MyTextGrabber.app; sourceTree = BUILT_PRODUCTS_DIR; };
		47E7DE2F256F591800C9C584 /* MyTextGrabberApp.swift */ = {isa = PBXFileReference; lastKnownFileType = sourcecode.swift; path = MyTextGrabberApp.swift; sourceTree = "<group>"; };
		47E7DE36256F591B00C9C584 /* Preview Assets.xcassets */ = {isa = PBXFileReference; lastKnownFileType = folder.assetcatalog; path = "Preview Assets.xcassets"; sourceTree = "<group>"; };
		47E7DE38256F591B00C9C584 /* Persistence.swift */ = {isa = PBXFileReference; lastKnownFileType = sourcecode.swift; path = Persistence.swift; sourceTree = "<group>"; };
		47E7DE3B256F591B00C9C584 /* MyTextGrabber.xcdatamodel */ = {isa = PBXFileReference; lastKnownFileType = wrapper.xcdatamodel; path = MyTextGrabber.xcdatamodel; sourceTree = "<group>"; };
		47E7DE3D256F591B00C9C584 /* Info.plist */ = {isa = PBXFileReference; lastKnownFileType = text.plist.xml; path = Info.plist; sourceTree = "<group>"; };
		47E7DE42256F591B00C9C584 /* MyTextGrabberTests.xctest */ = {isa = PBXFileReference; explicitFileType = wrapper.cfbundle; includeInIndex = 0; path = MyTextGrabberTests.xctest; sourceTree = BUILT_PRODUCTS_DIR; };
		47E7DE46256F591B00C9C584 /* MyTextGrabberTests.swift */ = {isa = PBXFileReference; lastKnownFileType = sourcecode.swift; path = MyTextGrabberTests.swift; sourceTree = "<group>"; };
		47E7DE48256F591B00C9C584 /* Info.plist */ = {isa = PBXFileReference; lastKnownFileType = text.plist.xml; path = Info.plist; sourceTree = "<group>"; };
		47E7DE4D256F591B00C9C584 /* MyTextGrabberUITests.xctest */ = {isa = PBXFileReference; explicitFileType = wrapper.cfbundle; includeInIndex = 0; path = MyTextGrabberUITests.xctest; sourceTree = BUILT_PRODUCTS_DIR; };
		47E7DE51256F591B00C9C584 /* MyTextGrabberUITests.swift */ = {isa = PBXFileReference; lastKnownFileType = sourcecode.swift; path = MyTextGrabberUITests.swift; sourceTree = "<group>"; };
		47E7DE53256F591B00C9C584 /* Info.plist */ = {isa = PBXFileReference; lastKnownFileType = text.plist.xml; path = Info.plist; sourceTree = "<group>"; };
		47E7DE71256F5BEC00C9C584 /* Extensions.swift */ = {isa = PBXFileReference; lastKnownFileType = sourcecode.swift; path = Extensions.swift; sourceTree = "<group>"; };
		47E7DE76256F5DD200C9C584 /* CameraUIView.swift */ = {isa = PBXFileReference; fileEncoding = 4; lastKnownFileType = sourcecode.swift; path = CameraUIView.swift; sourceTree = "<group>"; };
		47E7DE7C256F5DE800C9C584 /* TextRect.swift */ = {isa = PBXFileReference; fileEncoding = 4; lastKnownFileType = sourcecode.swift; path = TextRect.swift; sourceTree = "<group>"; };
		47E7DE86256F5E0F00C9C584 /* VisionService.swift */ = {isa = PBXFileReference; fileEncoding = 4; lastKnownFileType = sourcecode.swift; path = VisionService.swift; sourceTree = "<group>"; };
		47E7DE87256F5E0F00C9C584 /* Cameramanager.swift */ = {isa = PBXFileReference; fileEncoding = 4; lastKnownFileType = sourcecode.swift; path = Cameramanager.swift; sourceTree = "<group>"; };
		47E7DE88256F5E0F00C9C584 /* VideoService.swift */ = {isa = PBXFileReference; fileEncoding = 4; lastKnownFileType = sourcecode.swift; path = VideoService.swift; sourceTree = "<group>"; };
		47E7DE89256F5E0F00C9C584 /* CurrentSession.swift */ = {isa = PBXFileReference; fileEncoding = 4; lastKnownFileType = sourcecode.swift; path = CurrentSession.swift; sourceTree = "<group>"; };
		47F410372582D9FD0080A54C /* LanguageMode.swift */ = {isa = PBXFileReference; lastKnownFileType = sourcecode.swift; path = LanguageMode.swift; sourceTree = "<group>"; };
		47F410782582F5390080A54C /* DocAppDocument.swift */ = {isa = PBXFileReference; fileEncoding = 4; lastKnownFileType = sourcecode.swift; path = DocAppDocument.swift; sourceTree = "<group>"; };
		47F4107D258300900080A54C /* PDFSUIView.swift */ = {isa = PBXFileReference; lastKnownFileType = sourcecode.swift; path = PDFSUIView.swift; sourceTree = "<group>"; };
		47F410822583368E0080A54C /* ViewState.swift */ = {isa = PBXFileReference; lastKnownFileType = sourcecode.swift; path = ViewState.swift; sourceTree = "<group>"; };
		47F4108725833E060080A54C /* ScanningNavView.swift */ = {isa = PBXFileReference; lastKnownFileType = sourcecode.swift; path = ScanningNavView.swift; sourceTree = "<group>"; };
		47F4108C25835E170080A54C /* WelcomeView.swift */ = {isa = PBXFileReference; lastKnownFileType = sourcecode.swift; path = WelcomeView.swift; sourceTree = "<group>"; };
		58864B34A5CDB8F4547FE8CD /* Pods-MyTextGrabber.release.xcconfig */ = {isa = PBXFileReference; includeInIndex = 1; lastKnownFileType = text.xcconfig; name = "Pods-MyTextGrabber.release.xcconfig"; path = "Target Support Files/Pods-MyTextGrabber/Pods-MyTextGrabber.release.xcconfig"; sourceTree = "<group>"; };
		609DCE11B70B32B0A651CA7F /* Pods_MyTextGrabberTests.framework */ = {isa = PBXFileReference; explicitFileType = wrapper.framework; includeInIndex = 0; path = Pods_MyTextGrabberTests.framework; sourceTree = BUILT_PRODUCTS_DIR; };
		6D9AE0F717B4372F45218B51 /* Pods-MyTextGrabberTests.debug.xcconfig */ = {isa = PBXFileReference; includeInIndex = 1; lastKnownFileType = text.xcconfig; name = "Pods-MyTextGrabberTests.debug.xcconfig"; path = "Target Support Files/Pods-MyTextGrabberTests/Pods-MyTextGrabberTests.debug.xcconfig"; sourceTree = "<group>"; };
		74733C044BC1677ECFFAAFA1 /* Pods-MyTextGrabberTests.release.xcconfig */ = {isa = PBXFileReference; includeInIndex = 1; lastKnownFileType = text.xcconfig; name = "Pods-MyTextGrabberTests.release.xcconfig"; path = "Target Support Files/Pods-MyTextGrabberTests/Pods-MyTextGrabberTests.release.xcconfig"; sourceTree = "<group>"; };
		7562BD81B8CA3E0104F934CC /* Pods_MyTextGrabber.framework */ = {isa = PBXFileReference; explicitFileType = wrapper.framework; includeInIndex = 0; path = Pods_MyTextGrabber.framework; sourceTree = BUILT_PRODUCTS_DIR; };
		8425E043C89819AD7BF5AC26 /* Pods_MyTextGrabber_MyTextGrabberUITests.framework */ = {isa = PBXFileReference; explicitFileType = wrapper.framework; includeInIndex = 0; path = Pods_MyTextGrabber_MyTextGrabberUITests.framework; sourceTree = BUILT_PRODUCTS_DIR; };
		85218590432F0A647F575A57 /* Pods-MyTextGrabber-MyTextGrabberUITests.release.xcconfig */ = {isa = PBXFileReference; includeInIndex = 1; lastKnownFileType = text.xcconfig; name = "Pods-MyTextGrabber-MyTextGrabberUITests.release.xcconfig"; path = "Target Support Files/Pods-MyTextGrabber-MyTextGrabberUITests/Pods-MyTextGrabber-MyTextGrabberUITests.release.xcconfig"; sourceTree = "<group>"; };
		B6642A16D25FBE96246C8949 /* Pods-MyTextGrabber-MyTextGrabberUITests.debug.xcconfig */ = {isa = PBXFileReference; includeInIndex = 1; lastKnownFileType = text.xcconfig; name = "Pods-MyTextGrabber-MyTextGrabberUITests.debug.xcconfig"; path = "Target Support Files/Pods-MyTextGrabber-MyTextGrabberUITests/Pods-MyTextGrabber-MyTextGrabberUITests.debug.xcconfig"; sourceTree = "<group>"; };
/* End PBXFileReference section */

/* Begin PBXFrameworksBuildPhase section */
		47E7DE29256F591800C9C584 /* Frameworks */ = {
			isa = PBXFrameworksBuildPhase;
			buildActionMask = 2147483647;
			files = (
				ACF4F241CEA013F349D10C3A /* Pods_MyTextGrabber.framework in Frameworks */,
			);
			runOnlyForDeploymentPostprocessing = 0;
		};
		47E7DE3F256F591B00C9C584 /* Frameworks */ = {
			isa = PBXFrameworksBuildPhase;
			buildActionMask = 2147483647;
			files = (
				BBD7FA6B249570A0FC1D50F7 /* Pods_MyTextGrabberTests.framework in Frameworks */,
			);
			runOnlyForDeploymentPostprocessing = 0;
		};
		47E7DE4A256F591B00C9C584 /* Frameworks */ = {
			isa = PBXFrameworksBuildPhase;
			buildActionMask = 2147483647;
			files = (
				FF761B8771E7DF079981BC72 /* Pods_MyTextGrabber_MyTextGrabberUITests.framework in Frameworks */,
			);
			runOnlyForDeploymentPostprocessing = 0;
		};
/* End PBXFrameworksBuildPhase section */

/* Begin PBXGroup section */
		47132D0F257ABB190052E847 /* On Boarding */ = {
			isa = PBXGroup;
			children = (
				47132D10257ABB330052E847 /* ContentView.swift */,
				47132D42257AC8A80052E847 /* OnboardingView.swift */,
				47132D15257ABB370052E847 /* onBoardingPage.swift */,
				47132D1A257ABB4B0052E847 /* Location.swift */,
			);
			path = "On Boarding";
			sourceTree = "<group>";
		};
		471C723E257637E80083380D /* DocumentScanner */ = {
			isa = PBXGroup;
			children = (
				471C723F2576380A0083380D /* DocumentScannerView.swift */,
			);
			path = DocumentScanner;
			sourceTree = "<group>";
		};
		471C7261257677B30083380D /* ImagePicker */ = {
			isa = PBXGroup;
			children = (
				471C7262257677C50083380D /* ImagePickerView.swift */,
			);
			path = ImagePicker;
			sourceTree = "<group>";
		};
		474B1E22256F607C00227BA7 /* Managers */ = {
			isa = PBXGroup;
			children = (
				47C34F27257A92B700529021 /* Camera */,
				474B1E6C256F6D6C00227BA7 /* WordSegmentationManager.swift */,
				474B1E28256F60B000227BA7 /* MyanEmbedding.mlmodel */,
				474B1E1D256F605400227BA7 /* UserDefaultManager.swift */,
				47C42F012578C297002BBE4D /* TextOcrManager.swift */,
				474B1E64256F6D1D00227BA7 /* WordPredictManager.swift */,
				4789E4242570910400CFB0FE /* TextBoxDetector.swift */,
			);
			path = Managers;
			sourceTree = "<group>";
		};
		474B1E3E256F66F900227BA7 /* EditImage */ = {
			isa = PBXGroup;
			children = (
				471C724F257669C60083380D /* EditImageView.swift */,
				475391EB2576AACE00EB8245 /* EditImageViewRepresentable.swift */,
				47D54CCB256FF674003C7765 /* EditScanCornerView.swift */,
				47D54CD5256FF67E003C7765 /* QuadrilateralView.swift */,
			);
			path = EditImage;
			sourceTree = "<group>";
		};
		474B1E51256F6A1C00227BA7 /* TextView */ = {
			isa = PBXGroup;
			children = (
				47AC2C772579F878008419B6 /* TextView.swift */,
				47F4107D258300900080A54C /* PDFSUIView.swift */,
			);
			path = TextView;
			sourceTree = "<group>";
		};
		478414B325707D38001C8DA9 /* ContentView */ = {
			isa = PBXGroup;
			children = (
				471C725C257676770083380D /* HomeView.swift */,
				471C72572576752B0083380D /* SavedItemsView.swift */,
				47132D24257ABB8A0052E847 /* SettingsView.swift */,
				47E7DE2F256F591800C9C584 /* MyTextGrabberApp.swift */,
				47F4108725833E060080A54C /* ScanningNavView.swift */,
				47F4108C25835E170080A54C /* WelcomeView.swift */,
			);
			path = ContentView;
			sourceTree = "<group>";
		};
		47C34F27257A92B700529021 /* Camera */ = {
			isa = PBXGroup;
			children = (
				47E7DE87256F5E0F00C9C584 /* Cameramanager.swift */,
				47E7DE89256F5E0F00C9C584 /* CurrentSession.swift */,
				47E7DE88256F5E0F00C9C584 /* VideoService.swift */,
				47E7DE86256F5E0F00C9C584 /* VisionService.swift */,
			);
			path = Camera;
			sourceTree = "<group>";
		};
		47C42EF62578A922002BBE4D /* TextOcrView */ = {
			isa = PBXGroup;
			children = (
				47C42EF72578A93D002BBE4D /* TextOcrView.swift */,
				47C42EFC2578A9BE002BBE4D /* TextOcrViewRepresentable.swift */,
				47132CFC257AA3910052E847 /* OcrImageView.swift */,
				47A5DF4B2578F25B00F3B006 /* ProgressCircleView.swift */,
			);
			path = TextOcrView;
			sourceTree = "<group>";
		};
		47E7DE23256F591800C9C584 = {
			isa = PBXGroup;
			children = (
				47E7DE2E256F591800C9C584 /* MyTextGrabber */,
				47E7DE45256F591B00C9C584 /* MyTextGrabberTests */,
				47E7DE50256F591B00C9C584 /* MyTextGrabberUITests */,
				47E7DE2D256F591800C9C584 /* Products */,
				E3ECEB6EC78890F9C895A8F1 /* Pods */,
				86586B8BAA919057C269BF85 /* Frameworks */,
			);
			sourceTree = "<group>";
		};
		47E7DE2D256F591800C9C584 /* Products */ = {
			isa = PBXGroup;
			children = (
				47E7DE2C256F591800C9C584 /* MyTextGrabber.app */,
				47E7DE42256F591B00C9C584 /* MyTextGrabberTests.xctest */,
				47E7DE4D256F591B00C9C584 /* MyTextGrabberUITests.xctest */,
			);
			name = Products;
			sourceTree = "<group>";
		};
		47E7DE2E256F591800C9C584 /* MyTextGrabber */ = {
			isa = PBXGroup;
			children = (
				47132D0F257ABB190052E847 /* On Boarding */,
				478414B325707D38001C8DA9 /* ContentView */,
				47E7DE62256F5AA300C9C584 /* Scanner */,
				474B1E22256F607C00227BA7 /* Managers */,
				47E7DE7B256F5DE100C9C584 /* Models */,
				47E7DE70256F5BDF00C9C584 /* Extensions */,
				474B1E39256F619300227BA7 /* tessdata */,
				47E7DE38256F591B00C9C584 /* Persistence.swift */,
				47132D07257AAC420052E847 /* Assets.xcassets */,
				474B1E7D256F6DF800227BA7 /* words2.txt */,
				4789E41D25708E8500CFB0FE /* MyTextGrabber.entitlements */,
				4719E40F257415010049FF08 /* charList.txt */,
				47AC2C722579F64A008419B6 /* MyanmarSansPro.ttf */,
				47E7DE3D256F591B00C9C584 /* Info.plist */,
				47E7DE3A256F591B00C9C584 /* MyTextGrabber.xcdatamodeld */,
				47E7DE35256F591B00C9C584 /* Preview Content */,
			);
			path = MyTextGrabber;
			sourceTree = "<group>";
		};
		47E7DE35256F591B00C9C584 /* Preview Content */ = {
			isa = PBXGroup;
			children = (
				47E7DE36256F591B00C9C584 /* Preview Assets.xcassets */,
			);
			path = "Preview Content";
			sourceTree = "<group>";
		};
		47E7DE45256F591B00C9C584 /* MyTextGrabberTests */ = {
			isa = PBXGroup;
			children = (
				47E7DE46256F591B00C9C584 /* MyTextGrabberTests.swift */,
				47E7DE48256F591B00C9C584 /* Info.plist */,
			);
			path = MyTextGrabberTests;
			sourceTree = "<group>";
		};
		47E7DE50256F591B00C9C584 /* MyTextGrabberUITests */ = {
			isa = PBXGroup;
			children = (
				47E7DE51256F591B00C9C584 /* MyTextGrabberUITests.swift */,
				47E7DE53256F591B00C9C584 /* Info.plist */,
			);
			path = MyTextGrabberUITests;
			sourceTree = "<group>";
		};
		47E7DE62256F5AA300C9C584 /* Scanner */ = {
			isa = PBXGroup;
			children = (
				471C7261257677B30083380D /* ImagePicker */,
				47E7DE81256F5DF500C9C584 /* Camera */,
				471C723E257637E80083380D /* DocumentScanner */,
				474B1E3E256F66F900227BA7 /* EditImage */,
				47C42EF62578A922002BBE4D /* TextOcrView */,
				474B1E51256F6A1C00227BA7 /* TextView */,
			);
			path = Scanner;
			sourceTree = "<group>";
		};
		47E7DE70256F5BDF00C9C584 /* Extensions */ = {
			isa = PBXGroup;
			children = (
				47CB609025721EE400B12011 /* CIFilter+Extension.swift */,
				47CB607E2571B5EF00B12011 /* UIImageColors.swift */,
				47D54CE4256FF6CC003C7765 /* Array+Utils.swift */,
				47D54CEA256FF6CD003C7765 /* AVCaptureVideoOrientation+Utils.swift */,
				47D54CE7256FF6CC003C7765 /* CGAffineTransform+Utils.swift */,
				47D54CE8256FF6CD003C7765 /* CGImagePropertyOrientation.swift */,
				47D54CE9256FF6CD003C7765 /* CGPoint+Utils.swift */,
				47D54CE6256FF6CC003C7765 /* CGRect+Utils.swift */,
				47D54CEB256FF6CD003C7765 /* CGSize+Utils.swift */,
				47D54CE5256FF6CC003C7765 /* CIImage+Utils.swift */,
				474B1E88256FAD7E00227BA7 /* UIImage+Orientation.swift */,
				474B1E87256FAD7E00227BA7 /* UIImage+Utils.swift */,
				474B1E78256F6D9600227BA7 /* Ext+UITextView.swift */,
				47E7DE71256F5BEC00C9C584 /* Extensions.swift */,
				47AC2C6D2579F622008419B6 /* UIFont+Ext.swift */,
			);
			path = Extensions;
			sourceTree = "<group>";
		};
		47E7DE7B256F5DE100C9C584 /* Models */ = {
			isa = PBXGroup;
			children = (
				47F410782582F5390080A54C /* DocAppDocument.swift */,
				47D54CDF256FF6AE003C7765 /* Transformable.swift */,
				47D54CD0256FF679003C7765 /* Quadrilateral.swift */,
				47E7DE7C256F5DE800C9C584 /* TextRect.swift */,
				4789E4322570B01E00CFB0FE /* ImageScannerResult.swift */,
				47C34F2E257A93D700529021 /* ImageFilterMode.swift */,
				47F410372582D9FD0080A54C /* LanguageMode.swift */,
				47F410822583368E0080A54C /* ViewState.swift */,
			);
			path = Models;
			sourceTree = "<group>";
		};
		47E7DE81256F5DF500C9C584 /* Camera */ = {
			isa = PBXGroup;
			children = (
				479BD6D725789AC70056F433 /* TextCameraView.swift */,
				471C7247257664F60083380D /* TextCameraViewRepresentable.swift */,
				47E7DE76256F5DD200C9C584 /* CameraUIView.swift */,
			);
			path = Camera;
			sourceTree = "<group>";
		};
		86586B8BAA919057C269BF85 /* Frameworks */ = {
			isa = PBXGroup;
			children = (
				7562BD81B8CA3E0104F934CC /* Pods_MyTextGrabber.framework */,
				8425E043C89819AD7BF5AC26 /* Pods_MyTextGrabber_MyTextGrabberUITests.framework */,
				609DCE11B70B32B0A651CA7F /* Pods_MyTextGrabberTests.framework */,
			);
			name = Frameworks;
			sourceTree = "<group>";
		};
		E3ECEB6EC78890F9C895A8F1 /* Pods */ = {
			isa = PBXGroup;
			children = (
				2A5A4726CEC9EE735D7CA473 /* Pods-MyTextGrabber.debug.xcconfig */,
				58864B34A5CDB8F4547FE8CD /* Pods-MyTextGrabber.release.xcconfig */,
				B6642A16D25FBE96246C8949 /* Pods-MyTextGrabber-MyTextGrabberUITests.debug.xcconfig */,
				85218590432F0A647F575A57 /* Pods-MyTextGrabber-MyTextGrabberUITests.release.xcconfig */,
				6D9AE0F717B4372F45218B51 /* Pods-MyTextGrabberTests.debug.xcconfig */,
				74733C044BC1677ECFFAAFA1 /* Pods-MyTextGrabberTests.release.xcconfig */,
			);
			path = Pods;
			sourceTree = "<group>";
		};
/* End PBXGroup section */

/* Begin PBXNativeTarget section */
		47E7DE2B256F591800C9C584 /* MyTextGrabber */ = {
			isa = PBXNativeTarget;
			buildConfigurationList = 47E7DE56256F591B00C9C584 /* Build configuration list for PBXNativeTarget "MyTextGrabber" */;
			buildPhases = (
				4C445DBA3E24DDA1BA3B7BAE /* [CP] Check Pods Manifest.lock */,
				C06915FF495363B4D5E26DFD /* [CP] Prepare Artifacts */,
				47E7DE28256F591800C9C584 /* Sources */,
				47E7DE29256F591800C9C584 /* Frameworks */,
				47E7DE2A256F591800C9C584 /* Resources */,
				63E77AD53B4F85C289A9A87E /* [CP] Embed Pods Frameworks */,
			);
			buildRules = (
			);
			dependencies = (
			);
			name = MyTextGrabber;
			productName = MyTextGrabber;
			productReference = 47E7DE2C256F591800C9C584 /* MyTextGrabber.app */;
			productType = "com.apple.product-type.application";
		};
		47E7DE41256F591B00C9C584 /* MyTextGrabberTests */ = {
			isa = PBXNativeTarget;
			buildConfigurationList = 47E7DE59256F591B00C9C584 /* Build configuration list for PBXNativeTarget "MyTextGrabberTests" */;
			buildPhases = (
				C6F019A87E8D2DA9EAC416A2 /* [CP] Check Pods Manifest.lock */,
				47E7DE3E256F591B00C9C584 /* Sources */,
				47E7DE3F256F591B00C9C584 /* Frameworks */,
				47E7DE40256F591B00C9C584 /* Resources */,
			);
			buildRules = (
			);
			dependencies = (
				47E7DE44256F591B00C9C584 /* PBXTargetDependency */,
			);
			name = MyTextGrabberTests;
			productName = MyTextGrabberTests;
			productReference = 47E7DE42256F591B00C9C584 /* MyTextGrabberTests.xctest */;
			productType = "com.apple.product-type.bundle.unit-test";
		};
		47E7DE4C256F591B00C9C584 /* MyTextGrabberUITests */ = {
			isa = PBXNativeTarget;
			buildConfigurationList = 47E7DE5C256F591B00C9C584 /* Build configuration list for PBXNativeTarget "MyTextGrabberUITests" */;
			buildPhases = (
				C93D5652AEF6BF4B1FCF5084 /* [CP] Check Pods Manifest.lock */,
				87B6347D391C24CDB52C40AD /* [CP] Prepare Artifacts */,
				47E7DE49256F591B00C9C584 /* Sources */,
				47E7DE4A256F591B00C9C584 /* Frameworks */,
				47E7DE4B256F591B00C9C584 /* Resources */,
				5824C56A14725D206D447B08 /* [CP] Embed Pods Frameworks */,
			);
			buildRules = (
			);
			dependencies = (
				47E7DE4F256F591B00C9C584 /* PBXTargetDependency */,
			);
			name = MyTextGrabberUITests;
			productName = MyTextGrabberUITests;
			productReference = 47E7DE4D256F591B00C9C584 /* MyTextGrabberUITests.xctest */;
			productType = "com.apple.product-type.bundle.ui-testing";
		};
/* End PBXNativeTarget section */

/* Begin PBXProject section */
		47E7DE24256F591800C9C584 /* Project object */ = {
			isa = PBXProject;
			attributes = {
				LastSwiftUpdateCheck = 1210;
				LastUpgradeCheck = 1210;
				TargetAttributes = {
					47E7DE2B256F591800C9C584 = {
						CreatedOnToolsVersion = 12.1;
					};
					47E7DE41256F591B00C9C584 = {
						CreatedOnToolsVersion = 12.1;
						TestTargetID = 47E7DE2B256F591800C9C584;
					};
					47E7DE4C256F591B00C9C584 = {
						CreatedOnToolsVersion = 12.1;
						TestTargetID = 47E7DE2B256F591800C9C584;
					};
				};
			};
			buildConfigurationList = 47E7DE27256F591800C9C584 /* Build configuration list for PBXProject "MyTextGrabber" */;
			compatibilityVersion = "Xcode 9.3";
			developmentRegion = en;
			hasScannedForEncodings = 0;
			knownRegions = (
				en,
				Base,
			);
			mainGroup = 47E7DE23256F591800C9C584;
			productRefGroup = 47E7DE2D256F591800C9C584 /* Products */;
			projectDirPath = "";
			projectRoot = "";
			targets = (
				47E7DE2B256F591800C9C584 /* MyTextGrabber */,
				47E7DE41256F591B00C9C584 /* MyTextGrabberTests */,
				47E7DE4C256F591B00C9C584 /* MyTextGrabberUITests */,
			);
		};
/* End PBXProject section */

/* Begin PBXResourcesBuildPhase section */
		47E7DE2A256F591800C9C584 /* Resources */ = {
			isa = PBXResourcesBuildPhase;
			buildActionMask = 2147483647;
			files = (
				47E7DE37256F591B00C9C584 /* Preview Assets.xcassets in Resources */,
				474B1E7E256F6DF800227BA7 /* words2.txt in Resources */,
				474B1E3A256F619300227BA7 /* tessdata in Resources */,
				4719E410257415010049FF08 /* charList.txt in Resources */,
				47132D08257AAC420052E847 /* Assets.xcassets in Resources */,
				47AC2C732579F64A008419B6 /* MyanmarSansPro.ttf in Resources */,
			);
			runOnlyForDeploymentPostprocessing = 0;
		};
		47E7DE40256F591B00C9C584 /* Resources */ = {
			isa = PBXResourcesBuildPhase;
			buildActionMask = 2147483647;
			files = (
			);
			runOnlyForDeploymentPostprocessing = 0;
		};
		47E7DE4B256F591B00C9C584 /* Resources */ = {
			isa = PBXResourcesBuildPhase;
			buildActionMask = 2147483647;
			files = (
			);
			runOnlyForDeploymentPostprocessing = 0;
		};
/* End PBXResourcesBuildPhase section */

/* Begin PBXShellScriptBuildPhase section */
		4C445DBA3E24DDA1BA3B7BAE /* [CP] Check Pods Manifest.lock */ = {
			isa = PBXShellScriptBuildPhase;
			buildActionMask = 2147483647;
			files = (
			);
			inputFileListPaths = (
			);
			inputPaths = (
				"${PODS_PODFILE_DIR_PATH}/Podfile.lock",
				"${PODS_ROOT}/Manifest.lock",
			);
			name = "[CP] Check Pods Manifest.lock";
			outputFileListPaths = (
			);
			outputPaths = (
				"$(DERIVED_FILE_DIR)/Pods-MyTextGrabber-checkManifestLockResult.txt",
			);
			runOnlyForDeploymentPostprocessing = 0;
			shellPath = /bin/sh;
			shellScript = "diff \"${PODS_PODFILE_DIR_PATH}/Podfile.lock\" \"${PODS_ROOT}/Manifest.lock\" > /dev/null\nif [ $? != 0 ] ; then\n    # print error to STDERR\n    echo \"error: The sandbox is not in sync with the Podfile.lock. Run 'pod install' or update your CocoaPods installation.\" >&2\n    exit 1\nfi\n# This output is used by Xcode 'outputs' to avoid re-running this script phase.\necho \"SUCCESS\" > \"${SCRIPT_OUTPUT_FILE_0}\"\n";
			showEnvVarsInLog = 0;
		};
		5824C56A14725D206D447B08 /* [CP] Embed Pods Frameworks */ = {
			isa = PBXShellScriptBuildPhase;
			buildActionMask = 2147483647;
			files = (
			);
			inputFileListPaths = (
				"${PODS_ROOT}/Target Support Files/Pods-MyTextGrabber-MyTextGrabberUITests/Pods-MyTextGrabber-MyTextGrabberUITests-frameworks-${CONFIGURATION}-input-files.xcfilelist",
			);
			name = "[CP] Embed Pods Frameworks";
			outputFileListPaths = (
				"${PODS_ROOT}/Target Support Files/Pods-MyTextGrabber-MyTextGrabberUITests/Pods-MyTextGrabber-MyTextGrabberUITests-frameworks-${CONFIGURATION}-output-files.xcfilelist",
			);
			runOnlyForDeploymentPostprocessing = 0;
			shellPath = /bin/sh;
			shellScript = "\"${PODS_ROOT}/Target Support Files/Pods-MyTextGrabber-MyTextGrabberUITests/Pods-MyTextGrabber-MyTextGrabberUITests-frameworks.sh\"\n";
			showEnvVarsInLog = 0;
		};
		63E77AD53B4F85C289A9A87E /* [CP] Embed Pods Frameworks */ = {
			isa = PBXShellScriptBuildPhase;
			buildActionMask = 2147483647;
			files = (
			);
			inputFileListPaths = (
				"${PODS_ROOT}/Target Support Files/Pods-MyTextGrabber/Pods-MyTextGrabber-frameworks-${CONFIGURATION}-input-files.xcfilelist",
			);
			name = "[CP] Embed Pods Frameworks";
			outputFileListPaths = (
				"${PODS_ROOT}/Target Support Files/Pods-MyTextGrabber/Pods-MyTextGrabber-frameworks-${CONFIGURATION}-output-files.xcfilelist",
			);
			runOnlyForDeploymentPostprocessing = 0;
			shellPath = /bin/sh;
			shellScript = "\"${PODS_ROOT}/Target Support Files/Pods-MyTextGrabber/Pods-MyTextGrabber-frameworks.sh\"\n";
			showEnvVarsInLog = 0;
		};
		87B6347D391C24CDB52C40AD /* [CP] Prepare Artifacts */ = {
			isa = PBXShellScriptBuildPhase;
			buildActionMask = 2147483647;
			files = (
			);
			inputFileListPaths = (
				"${PODS_ROOT}/Target Support Files/Pods-MyTextGrabber-MyTextGrabberUITests/Pods-MyTextGrabber-MyTextGrabberUITests-artifacts-${CONFIGURATION}-input-files.xcfilelist",
			);
			name = "[CP] Prepare Artifacts";
			outputFileListPaths = (
				"${PODS_ROOT}/Target Support Files/Pods-MyTextGrabber-MyTextGrabberUITests/Pods-MyTextGrabber-MyTextGrabberUITests-artifacts-${CONFIGURATION}-output-files.xcfilelist",
			);
			runOnlyForDeploymentPostprocessing = 0;
			shellPath = /bin/sh;
			shellScript = "\"${PODS_ROOT}/Target Support Files/Pods-MyTextGrabber-MyTextGrabberUITests/Pods-MyTextGrabber-MyTextGrabberUITests-artifacts.sh\"\n";
			showEnvVarsInLog = 0;
		};
		C06915FF495363B4D5E26DFD /* [CP] Prepare Artifacts */ = {
			isa = PBXShellScriptBuildPhase;
			buildActionMask = 2147483647;
			files = (
			);
			inputFileListPaths = (
				"${PODS_ROOT}/Target Support Files/Pods-MyTextGrabber/Pods-MyTextGrabber-artifacts-${CONFIGURATION}-input-files.xcfilelist",
			);
			name = "[CP] Prepare Artifacts";
			outputFileListPaths = (
				"${PODS_ROOT}/Target Support Files/Pods-MyTextGrabber/Pods-MyTextGrabber-artifacts-${CONFIGURATION}-output-files.xcfilelist",
			);
			runOnlyForDeploymentPostprocessing = 0;
			shellPath = /bin/sh;
			shellScript = "\"${PODS_ROOT}/Target Support Files/Pods-MyTextGrabber/Pods-MyTextGrabber-artifacts.sh\"\n";
			showEnvVarsInLog = 0;
		};
		C6F019A87E8D2DA9EAC416A2 /* [CP] Check Pods Manifest.lock */ = {
			isa = PBXShellScriptBuildPhase;
			buildActionMask = 2147483647;
			files = (
			);
			inputFileListPaths = (
			);
			inputPaths = (
				"${PODS_PODFILE_DIR_PATH}/Podfile.lock",
				"${PODS_ROOT}/Manifest.lock",
			);
			name = "[CP] Check Pods Manifest.lock";
			outputFileListPaths = (
			);
			outputPaths = (
				"$(DERIVED_FILE_DIR)/Pods-MyTextGrabberTests-checkManifestLockResult.txt",
			);
			runOnlyForDeploymentPostprocessing = 0;
			shellPath = /bin/sh;
			shellScript = "diff \"${PODS_PODFILE_DIR_PATH}/Podfile.lock\" \"${PODS_ROOT}/Manifest.lock\" > /dev/null\nif [ $? != 0 ] ; then\n    # print error to STDERR\n    echo \"error: The sandbox is not in sync with the Podfile.lock. Run 'pod install' or update your CocoaPods installation.\" >&2\n    exit 1\nfi\n# This output is used by Xcode 'outputs' to avoid re-running this script phase.\necho \"SUCCESS\" > \"${SCRIPT_OUTPUT_FILE_0}\"\n";
			showEnvVarsInLog = 0;
		};
		C93D5652AEF6BF4B1FCF5084 /* [CP] Check Pods Manifest.lock */ = {
			isa = PBXShellScriptBuildPhase;
			buildActionMask = 2147483647;
			files = (
			);
			inputFileListPaths = (
			);
			inputPaths = (
				"${PODS_PODFILE_DIR_PATH}/Podfile.lock",
				"${PODS_ROOT}/Manifest.lock",
			);
			name = "[CP] Check Pods Manifest.lock";
			outputFileListPaths = (
			);
			outputPaths = (
				"$(DERIVED_FILE_DIR)/Pods-MyTextGrabber-MyTextGrabberUITests-checkManifestLockResult.txt",
			);
			runOnlyForDeploymentPostprocessing = 0;
			shellPath = /bin/sh;
			shellScript = "diff \"${PODS_PODFILE_DIR_PATH}/Podfile.lock\" \"${PODS_ROOT}/Manifest.lock\" > /dev/null\nif [ $? != 0 ] ; then\n    # print error to STDERR\n    echo \"error: The sandbox is not in sync with the Podfile.lock. Run 'pod install' or update your CocoaPods installation.\" >&2\n    exit 1\nfi\n# This output is used by Xcode 'outputs' to avoid re-running this script phase.\necho \"SUCCESS\" > \"${SCRIPT_OUTPUT_FILE_0}\"\n";
			showEnvVarsInLog = 0;
		};
/* End PBXShellScriptBuildPhase section */

/* Begin PBXSourcesBuildPhase section */
		47E7DE28256F591800C9C584 /* Sources */ = {
			isa = PBXSourcesBuildPhase;
			buildActionMask = 2147483647;
			files = (
				47E7DE8D256F5E0F00C9C584 /* VideoService.swift in Sources */,
				47A5DF4C2578F25B00F3B006 /* ProgressCircleView.swift in Sources */,
				47F410832583368E0080A54C /* ViewState.swift in Sources */,
				47CB607F2571B5EF00B12011 /* UIImageColors.swift in Sources */,
				47E7DE8B256F5E0F00C9C584 /* VisionService.swift in Sources */,
				47E7DE39256F591B00C9C584 /* Persistence.swift in Sources */,
				47E7DE8C256F5E0F00C9C584 /* Cameramanager.swift in Sources */,
				47D54CF0256FF6CD003C7765 /* CGImagePropertyOrientation.swift in Sources */,
				47C42EFD2578A9BE002BBE4D /* TextOcrViewRepresentable.swift in Sources */,
				47AC2C782579F878008419B6 /* TextView.swift in Sources */,
				47E7DE7D256F5DE800C9C584 /* TextRect.swift in Sources */,
				47132D25257ABB8A0052E847 /* SettingsView.swift in Sources */,
				471C7248257664F60083380D /* TextCameraViewRepresentable.swift in Sources */,
				474B1E74256F6D8300227BA7 /* WordPredictManager.swift in Sources */,
				47D54CD6256FF67E003C7765 /* QuadrilateralView.swift in Sources */,
				47132CFD257AA3910052E847 /* OcrImageView.swift in Sources */,
				47D54CF2256FF6CD003C7765 /* AVCaptureVideoOrientation+Utils.swift in Sources */,
				47C42F022578C297002BBE4D /* TextOcrManager.swift in Sources */,
				47132D1B257ABB4C0052E847 /* Location.swift in Sources */,
				471C7263257677C50083380D /* ImagePickerView.swift in Sources */,
				47CB609125721EE400B12011 /* CIFilter+Extension.swift in Sources */,
				47AC2C6E2579F622008419B6 /* UIFont+Ext.swift in Sources */,
				47E7DE3C256F591B00C9C584 /* MyTextGrabber.xcdatamodeld in Sources */,
				474B1E89256FAD7F00227BA7 /* UIImage+Utils.swift in Sources */,
				47D54CF1256FF6CD003C7765 /* CGPoint+Utils.swift in Sources */,
				47C42EF82578A93D002BBE4D /* TextOcrView.swift in Sources */,
				474B1E8A256FAD7F00227BA7 /* UIImage+Orientation.swift in Sources */,
				47F410382582D9FD0080A54C /* LanguageMode.swift in Sources */,
				474B1E1E256F605400227BA7 /* UserDefaultManager.swift in Sources */,
				471C7250257669C60083380D /* EditImageView.swift in Sources */,
				471C725D257676770083380D /* HomeView.swift in Sources */,
				47E7DE30256F591800C9C584 /* MyTextGrabberApp.swift in Sources */,
				47E7DE8E256F5E0F00C9C584 /* CurrentSession.swift in Sources */,
				47D54CEE256FF6CD003C7765 /* CGRect+Utils.swift in Sources */,
				47D54CD1256FF679003C7765 /* Quadrilateral.swift in Sources */,
				47D54CF3256FF6CD003C7765 /* CGSize+Utils.swift in Sources */,
				474B1E29256F60B000227BA7 /* MyanEmbedding.mlmodel in Sources */,
				474B1E79256F6D9600227BA7 /* Ext+UITextView.swift in Sources */,
				47F4108825833E060080A54C /* ScanningNavView.swift in Sources */,
				47F410792582F5390080A54C /* DocAppDocument.swift in Sources */,
				47D54CED256FF6CD003C7765 /* CIImage+Utils.swift in Sources */,
				47132D16257ABB370052E847 /* onBoardingPage.swift in Sources */,
				4789E4252570910400CFB0FE /* TextBoxDetector.swift in Sources */,
				47E7DE72256F5BEC00C9C584 /* Extensions.swift in Sources */,
				474B1E6D256F6D6D00227BA7 /* WordSegmentationManager.swift in Sources */,
				47D54CEF256FF6CD003C7765 /* CGAffineTransform+Utils.swift in Sources */,
				47F4107E258300900080A54C /* PDFSUIView.swift in Sources */,
				4789E4332570B01E00CFB0FE /* ImageScannerResult.swift in Sources */,
				47132D43257AC8A80052E847 /* OnboardingView.swift in Sources */,
				479BD6D825789AC70056F433 /* TextCameraView.swift in Sources */,
				471C72402576380A0083380D /* DocumentScannerView.swift in Sources */,
				471C72582576752B0083380D /* SavedItemsView.swift in Sources */,
				47D54CEC256FF6CD003C7765 /* Array+Utils.swift in Sources */,
				47D54CCC256FF674003C7765 /* EditScanCornerView.swift in Sources */,
				47132D11257ABB330052E847 /* ContentView.swift in Sources */,
				47F4108D25835E170080A54C /* WelcomeView.swift in Sources */,
				47D54CE0256FF6AE003C7765 /* Transformable.swift in Sources */,
				47C34F2F257A93D700529021 /* ImageFilterMode.swift in Sources */,
				47E7DE77256F5DD200C9C584 /* CameraUIView.swift in Sources */,
				475391EC2576AACE00EB8245 /* EditImageViewRepresentable.swift in Sources */,
			);
			runOnlyForDeploymentPostprocessing = 0;
		};
		47E7DE3E256F591B00C9C584 /* Sources */ = {
			isa = PBXSourcesBuildPhase;
			buildActionMask = 2147483647;
			files = (
				47E7DE47256F591B00C9C584 /* MyTextGrabberTests.swift in Sources */,
			);
			runOnlyForDeploymentPostprocessing = 0;
		};
		47E7DE49256F591B00C9C584 /* Sources */ = {
			isa = PBXSourcesBuildPhase;
			buildActionMask = 2147483647;
			files = (
				47E7DE52256F591B00C9C584 /* MyTextGrabberUITests.swift in Sources */,
			);
			runOnlyForDeploymentPostprocessing = 0;
		};
/* End PBXSourcesBuildPhase section */

/* Begin PBXTargetDependency section */
		47E7DE44256F591B00C9C584 /* PBXTargetDependency */ = {
			isa = PBXTargetDependency;
			target = 47E7DE2B256F591800C9C584 /* MyTextGrabber */;
			targetProxy = 47E7DE43256F591B00C9C584 /* PBXContainerItemProxy */;
		};
		47E7DE4F256F591B00C9C584 /* PBXTargetDependency */ = {
			isa = PBXTargetDependency;
			target = 47E7DE2B256F591800C9C584 /* MyTextGrabber */;
			targetProxy = 47E7DE4E256F591B00C9C584 /* PBXContainerItemProxy */;
		};
/* End PBXTargetDependency section */

/* Begin XCBuildConfiguration section */
		47E7DE54256F591B00C9C584 /* Debug */ = {
			isa = XCBuildConfiguration;
			buildSettings = {
				ALWAYS_SEARCH_USER_PATHS = NO;
				CLANG_ANALYZER_NONNULL = YES;
				CLANG_ANALYZER_NUMBER_OBJECT_CONVERSION = YES_AGGRESSIVE;
				CLANG_CXX_LANGUAGE_STANDARD = "gnu++14";
				CLANG_CXX_LIBRARY = "libc++";
				CLANG_ENABLE_MODULES = YES;
				CLANG_ENABLE_OBJC_ARC = YES;
				CLANG_ENABLE_OBJC_WEAK = YES;
				CLANG_WARN_BLOCK_CAPTURE_AUTORELEASING = YES;
				CLANG_WARN_BOOL_CONVERSION = YES;
				CLANG_WARN_COMMA = YES;
				CLANG_WARN_CONSTANT_CONVERSION = YES;
				CLANG_WARN_DEPRECATED_OBJC_IMPLEMENTATIONS = YES;
				CLANG_WARN_DIRECT_OBJC_ISA_USAGE = YES_ERROR;
				CLANG_WARN_DOCUMENTATION_COMMENTS = YES;
				CLANG_WARN_EMPTY_BODY = YES;
				CLANG_WARN_ENUM_CONVERSION = YES;
				CLANG_WARN_INFINITE_RECURSION = YES;
				CLANG_WARN_INT_CONVERSION = YES;
				CLANG_WARN_NON_LITERAL_NULL_CONVERSION = YES;
				CLANG_WARN_OBJC_IMPLICIT_RETAIN_SELF = YES;
				CLANG_WARN_OBJC_LITERAL_CONVERSION = YES;
				CLANG_WARN_OBJC_ROOT_CLASS = YES_ERROR;
				CLANG_WARN_QUOTED_INCLUDE_IN_FRAMEWORK_HEADER = YES;
				CLANG_WARN_RANGE_LOOP_ANALYSIS = YES;
				CLANG_WARN_STRICT_PROTOTYPES = YES;
				CLANG_WARN_SUSPICIOUS_MOVE = YES;
				CLANG_WARN_UNGUARDED_AVAILABILITY = YES_AGGRESSIVE;
				CLANG_WARN_UNREACHABLE_CODE = YES;
				CLANG_WARN__DUPLICATE_METHOD_MATCH = YES;
				COPY_PHASE_STRIP = NO;
				DEBUG_INFORMATION_FORMAT = dwarf;
				ENABLE_STRICT_OBJC_MSGSEND = YES;
				ENABLE_TESTABILITY = YES;
				GCC_C_LANGUAGE_STANDARD = gnu11;
				GCC_DYNAMIC_NO_PIC = NO;
				GCC_NO_COMMON_BLOCKS = YES;
				GCC_OPTIMIZATION_LEVEL = 0;
				GCC_PREPROCESSOR_DEFINITIONS = (
					"DEBUG=1",
					"$(inherited)",
				);
				GCC_WARN_64_TO_32_BIT_CONVERSION = YES;
				GCC_WARN_ABOUT_RETURN_TYPE = YES_ERROR;
				GCC_WARN_UNDECLARED_SELECTOR = YES;
				GCC_WARN_UNINITIALIZED_AUTOS = YES_AGGRESSIVE;
				GCC_WARN_UNUSED_FUNCTION = YES;
				GCC_WARN_UNUSED_VARIABLE = YES;
				IPHONEOS_DEPLOYMENT_TARGET = 14.0;
				MTL_ENABLE_DEBUG_INFO = INCLUDE_SOURCE;
				MTL_FAST_MATH = YES;
				ONLY_ACTIVE_ARCH = YES;
				SDKROOT = iphoneos;
				SWIFT_ACTIVE_COMPILATION_CONDITIONS = DEBUG;
				SWIFT_OPTIMIZATION_LEVEL = "-Onone";
			};
			name = Debug;
		};
		47E7DE55256F591B00C9C584 /* Release */ = {
			isa = XCBuildConfiguration;
			buildSettings = {
				ALWAYS_SEARCH_USER_PATHS = NO;
				CLANG_ANALYZER_NONNULL = YES;
				CLANG_ANALYZER_NUMBER_OBJECT_CONVERSION = YES_AGGRESSIVE;
				CLANG_CXX_LANGUAGE_STANDARD = "gnu++14";
				CLANG_CXX_LIBRARY = "libc++";
				CLANG_ENABLE_MODULES = YES;
				CLANG_ENABLE_OBJC_ARC = YES;
				CLANG_ENABLE_OBJC_WEAK = YES;
				CLANG_WARN_BLOCK_CAPTURE_AUTORELEASING = YES;
				CLANG_WARN_BOOL_CONVERSION = YES;
				CLANG_WARN_COMMA = YES;
				CLANG_WARN_CONSTANT_CONVERSION = YES;
				CLANG_WARN_DEPRECATED_OBJC_IMPLEMENTATIONS = YES;
				CLANG_WARN_DIRECT_OBJC_ISA_USAGE = YES_ERROR;
				CLANG_WARN_DOCUMENTATION_COMMENTS = YES;
				CLANG_WARN_EMPTY_BODY = YES;
				CLANG_WARN_ENUM_CONVERSION = YES;
				CLANG_WARN_INFINITE_RECURSION = YES;
				CLANG_WARN_INT_CONVERSION = YES;
				CLANG_WARN_NON_LITERAL_NULL_CONVERSION = YES;
				CLANG_WARN_OBJC_IMPLICIT_RETAIN_SELF = YES;
				CLANG_WARN_OBJC_LITERAL_CONVERSION = YES;
				CLANG_WARN_OBJC_ROOT_CLASS = YES_ERROR;
				CLANG_WARN_QUOTED_INCLUDE_IN_FRAMEWORK_HEADER = YES;
				CLANG_WARN_RANGE_LOOP_ANALYSIS = YES;
				CLANG_WARN_STRICT_PROTOTYPES = YES;
				CLANG_WARN_SUSPICIOUS_MOVE = YES;
				CLANG_WARN_UNGUARDED_AVAILABILITY = YES_AGGRESSIVE;
				CLANG_WARN_UNREACHABLE_CODE = YES;
				CLANG_WARN__DUPLICATE_METHOD_MATCH = YES;
				COPY_PHASE_STRIP = NO;
				DEBUG_INFORMATION_FORMAT = "dwarf-with-dsym";
				ENABLE_NS_ASSERTIONS = NO;
				ENABLE_STRICT_OBJC_MSGSEND = YES;
				GCC_C_LANGUAGE_STANDARD = gnu11;
				GCC_NO_COMMON_BLOCKS = YES;
				GCC_WARN_64_TO_32_BIT_CONVERSION = YES;
				GCC_WARN_ABOUT_RETURN_TYPE = YES_ERROR;
				GCC_WARN_UNDECLARED_SELECTOR = YES;
				GCC_WARN_UNINITIALIZED_AUTOS = YES_AGGRESSIVE;
				GCC_WARN_UNUSED_FUNCTION = YES;
				GCC_WARN_UNUSED_VARIABLE = YES;
				IPHONEOS_DEPLOYMENT_TARGET = 14.0;
				MTL_ENABLE_DEBUG_INFO = NO;
				MTL_FAST_MATH = YES;
				SDKROOT = iphoneos;
				SWIFT_COMPILATION_MODE = wholemodule;
				SWIFT_OPTIMIZATION_LEVEL = "-O";
				VALIDATE_PRODUCT = YES;
			};
			name = Release;
		};
		47E7DE57256F591B00C9C584 /* Debug */ = {
			isa = XCBuildConfiguration;
			baseConfigurationReference = 2A5A4726CEC9EE735D7CA473 /* Pods-MyTextGrabber.debug.xcconfig */;
			buildSettings = {
				ASSETCATALOG_COMPILER_APPICON_NAME = AppIcon;
				ASSETCATALOG_COMPILER_GLOBAL_ACCENT_COLOR_NAME = AccentColor;
				CODE_SIGN_ENTITLEMENTS = MyTextGrabber/MyTextGrabber.entitlements;
				CODE_SIGN_STYLE = Automatic;
				DEVELOPMENT_ASSET_PATHS = "\"MyTextGrabber/Preview Content\"";
				DEVELOPMENT_TEAM = HJ9L53D9PB;
				ENABLE_PREVIEWS = YES;
				INFOPLIST_FILE = MyTextGrabber/Info.plist;
				IPHONEOS_DEPLOYMENT_TARGET = 14.2;
				LD_RUNPATH_SEARCH_PATHS = (
					"$(inherited)",
					"@executable_path/Frameworks",
				);
				PRODUCT_BUNDLE_IDENTIFIER = com.jonahaung.MyTextGrabber;
				PRODUCT_NAME = "$(TARGET_NAME)";
				SUPPORTS_MACCATALYST = NO;
				SWIFT_VERSION = 5.0;
				TARGETED_DEVICE_FAMILY = "1,2";
			};
			name = Debug;
		};
		47E7DE58256F591B00C9C584 /* Release */ = {
			isa = XCBuildConfiguration;
			baseConfigurationReference = 58864B34A5CDB8F4547FE8CD /* Pods-MyTextGrabber.release.xcconfig */;
			buildSettings = {
				ASSETCATALOG_COMPILER_APPICON_NAME = AppIcon;
				ASSETCATALOG_COMPILER_GLOBAL_ACCENT_COLOR_NAME = AccentColor;
				CODE_SIGN_ENTITLEMENTS = MyTextGrabber/MyTextGrabber.entitlements;
				CODE_SIGN_STYLE = Automatic;
				DEVELOPMENT_ASSET_PATHS = "\"MyTextGrabber/Preview Content\"";
				DEVELOPMENT_TEAM = HJ9L53D9PB;
				ENABLE_PREVIEWS = YES;
				INFOPLIST_FILE = MyTextGrabber/Info.plist;
				IPHONEOS_DEPLOYMENT_TARGET = 14.2;
				LD_RUNPATH_SEARCH_PATHS = (
					"$(inherited)",
					"@executable_path/Frameworks",
				);
				PRODUCT_BUNDLE_IDENTIFIER = com.jonahaung.MyTextGrabber;
				PRODUCT_NAME = "$(TARGET_NAME)";
				SUPPORTS_MACCATALYST = NO;
				SWIFT_VERSION = 5.0;
				TARGETED_DEVICE_FAMILY = "1,2";
			};
			name = Release;
		};
		47E7DE5A256F591B00C9C584 /* Debug */ = {
			isa = XCBuildConfiguration;
			baseConfigurationReference = 6D9AE0F717B4372F45218B51 /* Pods-MyTextGrabberTests.debug.xcconfig */;
			buildSettings = {
				ALWAYS_EMBED_SWIFT_STANDARD_LIBRARIES = YES;
				BUNDLE_LOADER = "$(TEST_HOST)";
				CODE_SIGN_STYLE = Automatic;
				DEVELOPMENT_TEAM = HJ9L53D9PB;
				INFOPLIST_FILE = MyTextGrabberTests/Info.plist;
				IPHONEOS_DEPLOYMENT_TARGET = 14.0;
				LD_RUNPATH_SEARCH_PATHS = (
					"$(inherited)",
					"@executable_path/Frameworks",
					"@loader_path/Frameworks",
				);
				PRODUCT_BUNDLE_IDENTIFIER = com.jonahaung.MyTextGrabberTests;
				PRODUCT_NAME = "$(TARGET_NAME)";
				SWIFT_VERSION = 5.0;
				TARGETED_DEVICE_FAMILY = "1,2";
				TEST_HOST = "$(BUILT_PRODUCTS_DIR)/MyTextGrabber.app/MyTextGrabber";
			};
			name = Debug;
		};
		47E7DE5B256F591B00C9C584 /* Release */ = {
			isa = XCBuildConfiguration;
			baseConfigurationReference = 74733C044BC1677ECFFAAFA1 /* Pods-MyTextGrabberTests.release.xcconfig */;
			buildSettings = {
				ALWAYS_EMBED_SWIFT_STANDARD_LIBRARIES = YES;
				BUNDLE_LOADER = "$(TEST_HOST)";
				CODE_SIGN_STYLE = Automatic;
				DEVELOPMENT_TEAM = HJ9L53D9PB;
				INFOPLIST_FILE = MyTextGrabberTests/Info.plist;
				IPHONEOS_DEPLOYMENT_TARGET = 14.0;
				LD_RUNPATH_SEARCH_PATHS = (
					"$(inherited)",
					"@executable_path/Frameworks",
					"@loader_path/Frameworks",
				);
				PRODUCT_BUNDLE_IDENTIFIER = com.jonahaung.MyTextGrabberTests;
				PRODUCT_NAME = "$(TARGET_NAME)";
				SWIFT_VERSION = 5.0;
				TARGETED_DEVICE_FAMILY = "1,2";
				TEST_HOST = "$(BUILT_PRODUCTS_DIR)/MyTextGrabber.app/MyTextGrabber";
			};
			name = Release;
		};
		47E7DE5D256F591B00C9C584 /* Debug */ = {
			isa = XCBuildConfiguration;
			baseConfigurationReference = B6642A16D25FBE96246C8949 /* Pods-MyTextGrabber-MyTextGrabberUITests.debug.xcconfig */;
			buildSettings = {
				ALWAYS_EMBED_SWIFT_STANDARD_LIBRARIES = YES;
				CODE_SIGN_STYLE = Automatic;
				DEVELOPMENT_TEAM = HJ9L53D9PB;
				INFOPLIST_FILE = MyTextGrabberUITests/Info.plist;
				LD_RUNPATH_SEARCH_PATHS = (
					"$(inherited)",
					"@executable_path/Frameworks",
					"@loader_path/Frameworks",
				);
				PRODUCT_BUNDLE_IDENTIFIER = com.jonahaung.MyTextGrabberUITests;
				PRODUCT_NAME = "$(TARGET_NAME)";
				SWIFT_VERSION = 5.0;
				TARGETED_DEVICE_FAMILY = "1,2";
				TEST_TARGET_NAME = MyTextGrabber;
			};
			name = Debug;
		};
		47E7DE5E256F591B00C9C584 /* Release */ = {
			isa = XCBuildConfiguration;
			baseConfigurationReference = 85218590432F0A647F575A57 /* Pods-MyTextGrabber-MyTextGrabberUITests.release.xcconfig */;
			buildSettings = {
				ALWAYS_EMBED_SWIFT_STANDARD_LIBRARIES = YES;
				CODE_SIGN_STYLE = Automatic;
				DEVELOPMENT_TEAM = HJ9L53D9PB;
				INFOPLIST_FILE = MyTextGrabberUITests/Info.plist;
				LD_RUNPATH_SEARCH_PATHS = (
					"$(inherited)",
					"@executable_path/Frameworks",
					"@loader_path/Frameworks",
				);
				PRODUCT_BUNDLE_IDENTIFIER = com.jonahaung.MyTextGrabberUITests;
				PRODUCT_NAME = "$(TARGET_NAME)";
				SWIFT_VERSION = 5.0;
				TARGETED_DEVICE_FAMILY = "1,2";
				TEST_TARGET_NAME = MyTextGrabber;
			};
			name = Release;
		};
/* End XCBuildConfiguration section */

/* Begin XCConfigurationList section */
		47E7DE27256F591800C9C584 /* Build configuration list for PBXProject "MyTextGrabber" */ = {
			isa = XCConfigurationList;
			buildConfigurations = (
				47E7DE54256F591B00C9C584 /* Debug */,
				47E7DE55256F591B00C9C584 /* Release */,
			);
			defaultConfigurationIsVisible = 0;
			defaultConfigurationName = Release;
		};
		47E7DE56256F591B00C9C584 /* Build configuration list for PBXNativeTarget "MyTextGrabber" */ = {
			isa = XCConfigurationList;
			buildConfigurations = (
				47E7DE57256F591B00C9C584 /* Debug */,
				47E7DE58256F591B00C9C584 /* Release */,
			);
			defaultConfigurationIsVisible = 0;
			defaultConfigurationName = Release;
		};
		47E7DE59256F591B00C9C584 /* Build configuration list for PBXNativeTarget "MyTextGrabberTests" */ = {
			isa = XCConfigurationList;
			buildConfigurations = (
				47E7DE5A256F591B00C9C584 /* Debug */,
				47E7DE5B256F591B00C9C584 /* Release */,
			);
			defaultConfigurationIsVisible = 0;
			defaultConfigurationName = Release;
		};
		47E7DE5C256F591B00C9C584 /* Build configuration list for PBXNativeTarget "MyTextGrabberUITests" */ = {
			isa = XCConfigurationList;
			buildConfigurations = (
				47E7DE5D256F591B00C9C584 /* Debug */,
				47E7DE5E256F591B00C9C584 /* Release */,
			);
			defaultConfigurationIsVisible = 0;
			defaultConfigurationName = Release;
		};
/* End XCConfigurationList section */

/* Begin XCVersionGroup section */
		47E7DE3A256F591B00C9C584 /* MyTextGrabber.xcdatamodeld */ = {
			isa = XCVersionGroup;
			children = (
				47E7DE3B256F591B00C9C584 /* MyTextGrabber.xcdatamodel */,
			);
			currentVersion = 47E7DE3B256F591B00C9C584 /* MyTextGrabber.xcdatamodel */;
			path = MyTextGrabber.xcdatamodeld;
			sourceTree = "<group>";
			versionGroupType = wrapper.xcdatamodel;
		};
/* End XCVersionGroup section */
	};
	rootObject = 47E7DE24256F591800C9C584 /* Project object */;
}
